// !$*UTF8*$!
{
	archiveVersion = 1;
	classes = {
	};
	objectVersion = 46;
	objects = {

/* Begin PBXBuildFile section */
		CC2169D51ED29751006624B8 /* AppDelegate.swift in Sources */ = {isa = PBXBuildFile; fileRef = CC2169D41ED29751006624B8 /* AppDelegate.swift */; };
		CC2169D71ED29751006624B8 /* ViewController.swift in Sources */ = {isa = PBXBuildFile; fileRef = CC2169D61ED29751006624B8 /* ViewController.swift */; };
		CC2169DA1ED29751006624B8 /* Main.storyboard in Resources */ = {isa = PBXBuildFile; fileRef = CC2169D81ED29751006624B8 /* Main.storyboard */; };
		CC2169DC1ED29751006624B8 /* Assets.xcassets in Resources */ = {isa = PBXBuildFile; fileRef = CC2169DB1ED29751006624B8 /* Assets.xcassets */; };
		CC2169DF1ED29751006624B8 /* LaunchScreen.storyboard in Resources */ = {isa = PBXBuildFile; fileRef = CC2169DD1ED29751006624B8 /* LaunchScreen.storyboard */; };
		CC2169E81ED29796006624B8 /* SpriteKit.framework in Frameworks */ = {isa = PBXBuildFile; fileRef = CC2169E71ED29796006624B8 /* SpriteKit.framework */; };
		CC2169EA1ED29B13006624B8 /* GameScene.swift in Sources */ = {isa = PBXBuildFile; fileRef = CC2169E91ED29B13006624B8 /* GameScene.swift */; };
		CC76E1A51EDEEBFE0070C7E4 /* AudioToolbox.framework in Frameworks */ = {isa = PBXBuildFile; fileRef = CC76E1A41EDEEBFE0070C7E4 /* AudioToolbox.framework */; };
/* End PBXBuildFile section */

/* Begin PBXFileReference section */
		CC2169D11ED29751006624B8 /* FlappyBird.app */ = {isa = PBXFileReference; explicitFileType = wrapper.application; includeInIndex = 0; path = FlappyBird.app; sourceTree = BUILT_PRODUCTS_DIR; };
		CC2169D41ED29751006624B8 /* AppDelegate.swift */ = {isa = PBXFileReference; lastKnownFileType = sourcecode.swift; path = AppDelegate.swift; sourceTree = "<group>"; };
		CC2169D61ED29751006624B8 /* ViewController.swift */ = {isa = PBXFileReference; lastKnownFileType = sourcecode.swift; path = ViewController.swift; sourceTree = "<group>"; };
		CC2169D91ED29751006624B8 /* Base */ = {isa = PBXFileReference; lastKnownFileType = file.storyboard; name = Base; path = Base.lproj/Main.storyboard; sourceTree = "<group>"; };
		CC2169DB1ED29751006624B8 /* Assets.xcassets */ = {isa = PBXFileReference; lastKnownFileType = folder.assetcatalog; path = Assets.xcassets; sourceTree = "<group>"; };
		CC2169DE1ED29751006624B8 /* Base */ = {isa = PBXFileReference; lastKnownFileType = file.storyboard; name = Base; path = Base.lproj/LaunchScreen.storyboard; sourceTree = "<group>"; };
		CC2169E01ED29751006624B8 /* Info.plist */ = {isa = PBXFileReference; lastKnownFileType = text.plist.xml; path = Info.plist; sourceTree = "<group>"; };
		CC2169E71ED29796006624B8 /* SpriteKit.framework */ = {isa = PBXFileReference; lastKnownFileType = wrapper.framework; name = SpriteKit.framework; path = System/Library/Frameworks/SpriteKit.framework; sourceTree = SDKROOT; };
		CC2169E91ED29B13006624B8 /* GameScene.swift */ = {isa = PBXFileReference; fileEncoding = 4; lastKnownFileType = sourcecode.swift; path = GameScene.swift; sourceTree = "<group>"; };
		CC76E1A41EDEEBFE0070C7E4 /* AudioToolbox.framework */ = {isa = PBXFileReference; lastKnownFileType = wrapper.framework; name = AudioToolbox.framework; path = System/Library/Frameworks/AudioToolbox.framework; sourceTree = SDKROOT; };
/* End PBXFileReference section */

/* Begin PBXFrameworksBuildPhase section */
		CC2169CE1ED29751006624B8 /* Frameworks */ = {
			isa = PBXFrameworksBuildPhase;
			buildActionMask = 2147483647;
			files = (
				CC76E1A51EDEEBFE0070C7E4 /* AudioToolbox.framework in Frameworks */,
				CC2169E81ED29796006624B8 /* SpriteKit.framework in Frameworks */,
			);
			runOnlyForDeploymentPostprocessing = 0;
		};
/* End PBXFrameworksBuildPhase section */

/* Begin PBXGroup section */
		CC2169C81ED29751006624B8 = {
			isa = PBXGroup;
			children = (
				CC2169D31ED29751006624B8 /* FlappyBird */,
				CC2169D21ED29751006624B8 /* Products */,
				CC2169E61ED29796006624B8 /* Frameworks */,
			);
			sourceTree = "<group>";
		};
		CC2169D21ED29751006624B8 /* Products */ = {
			isa = PBXGroup;
			children = (
				CC2169D11ED29751006624B8 /* FlappyBird.app */,
			);
			name = Products;
			sourceTree = "<group>";
		};
		CC2169D31ED29751006624B8 /* FlappyBird */ = {
			isa = PBXGroup;
			children = (
				CC2169D41ED29751006624B8 /* AppDelegate.swift */,
				CC2169D61ED29751006624B8 /* ViewController.swift */,
				CC2169D81ED29751006624B8 /* Main.storyboard */,
				CC2169DB1ED29751006624B8 /* Assets.xcassets */,
				CC2169E91ED29B13006624B8 /* GameScene.swift */,
				CC2169DD1ED29751006624B8 /* LaunchScreen.storyboard */,
				CC2169E01ED29751006624B8 /* Info.plist */,
			);
			path = FlappyBird;
			sourceTree = "<group>";
		};
		CC2169E61ED29796006624B8 /* Frameworks */ = {
			isa = PBXGroup;
			children = (
				CC76E1A41EDEEBFE0070C7E4 /* AudioToolbox.framework */,
				CC2169E71ED29796006624B8 /* SpriteKit.framework */,
			);
			name = Frameworks;
			sourceTree = "<group>";
		};
/* End PBXGroup section */

/* Begin PBXNativeTarget section */
		CC2169D01ED29751006624B8 /* FlappyBird */ = {
			isa = PBXNativeTarget;
			buildConfigurationList = CC2169E31ED29751006624B8 /* Build configuration list for PBXNativeTarget "FlappyBird" */;
			buildPhases = (
				CC2169CD1ED29751006624B8 /* Sources */,
				CC2169CE1ED29751006624B8 /* Frameworks */,
				CC2169CF1ED29751006624B8 /* Resources */,
			);
			buildRules = (
			);
			dependencies = (
			);
			name = FlappyBird;
			productName = FlappyBird;
			productReference = CC2169D11ED29751006624B8 /* FlappyBird.app */;
			productType = "com.apple.product-type.application";
		};
/* End PBXNativeTarget section */

/* Begin PBXProject section */
		CC2169C91ED29751006624B8 /* Project object */ = {
			isa = PBXProject;
			attributes = {
				LastSwiftUpdateCheck = 0830;
				LastUpgradeCheck = 0830;
				ORGANIZATIONNAME = Yosuke.Takahashi;
				TargetAttributes = {
					CC2169D01ED29751006624B8 = {
						CreatedOnToolsVersion = 8.3.2;
						ProvisioningStyle = Automatic;
					};
				};
			};
			buildConfigurationList = CC2169CC1ED29751006624B8 /* Build configuration list for PBXProject "FlappyBird" */;
			compatibilityVersion = "Xcode 3.2";
			developmentRegion = English;
			hasScannedForEncodings = 0;
			knownRegions = (
				en,
				Base,
			);
			mainGroup = CC2169C81ED29751006624B8;
			productRefGroup = CC2169D21ED29751006624B8 /* Products */;
			projectDirPath = "";
			projectRoot = "";
			targets = (
				CC2169D01ED29751006624B8 /* FlappyBird */,
			);
		};
/* End PBXProject section */

/* Begin PBXResourcesBuildPhase section */
		CC2169CF1ED29751006624B8 /* Resources */ = {
			isa = PBXResourcesBuildPhase;
			buildActionMask = 2147483647;
			files = (
				CC2169DF1ED29751006624B8 /* LaunchScreen.storyboard in Resources */,
				CC2169DC1ED29751006624B8 /* Assets.xcassets in Resources */,
				CC2169DA1ED29751006624B8 /* Main.storyboard in Resources */,
			);
			runOnlyForDeploymentPostprocessing = 0;
		};
/* End PBXResourcesBuildPhase section */

/* Begin PBXSourcesBuildPhase section */
		CC2169CD1ED29751006624B8 /* Sources */ = {
			isa = PBXSourcesBuildPhase;
			buildActionMask = 2147483647;
			files = (
				CC2169EA1ED29B13006624B8 /* GameScene.swift in Sources */,
				CC2169D71ED29751006624B8 /* ViewController.swift in Sources */,
				CC2169D51ED29751006624B8 /* AppDelegate.swift in Sources */,
			);
			runOnlyForDeploymentPostprocessing = 0;
		};
/* End PBXSourcesBuildPhase section */

/* Begin PBXVariantGroup section */
		CC2169D81ED29751006624B8 /* Main.storyboard */ = {
			isa = PBXVariantGroup;
			children = (
				CC2169D91ED29751006624B8 /* Base */,
			);
			name = Main.storyboard;
			sourceTree = "<group>";
		};
		CC2169DD1ED29751006624B8 /* LaunchScreen.storyboard */ = {
			isa = PBXVariantGroup;
			children = (
				CC2169DE1ED29751006624B8 /* Base */,
			);
			name = LaunchScreen.storyboard;
			sourceTree = "<group>";
		};
/* End PBXVariantGroup section */

/* Begin XCBuildConfiguration section */
		CC2169E11ED29751006624B8 /* Debug */ = {
			isa = XCBuildConfiguration;
			buildSettings = {
				ALWAYS_SEARCH_USER_PATHS = NO;
				CLANG_ANALYZER_NONNULL = YES;
				CLANG_ANALYZER_NUMBER_OBJECT_CONVERSION = YES_AGGRESSIVE;
				CLANG_CXX_LANGUAGE_STANDARD = "gnu++0x";
				CLANG_CXX_LIBRARY = "libc++";
				CLANG_ENABLE_MODULES = YES;
				CLANG_ENABLE_OBJC_ARC = YES;
				CLANG_WARN_BOOL_CONVERSION = YES;
				CLANG_WARN_CONSTANT_CONVERSION = YES;
				CLANG_WARN_DIRECT_OBJC_ISA_USAGE = YES_ERROR;
				CLANG_WARN_DOCUMENTATION_COMMENTS = YES;
				CLANG_WARN_EMPTY_BODY = YES;
				CLANG_WARN_ENUM_CONVERSION = YES;
				CLANG_WARN_INFINITE_RECURSION = YES;
				CLANG_WARN_INT_CONVERSION = YES;
				CLANG_WARN_OBJC_ROOT_CLASS = YES_ERROR;
				CLANG_WARN_SUSPICIOUS_MOVE = YES;
				CLANG_WARN_UNREACHABLE_CODE = YES;
				CLANG_WARN__DUPLICATE_METHOD_MATCH = YES;
				"CODE_SIGN_IDENTITY[sdk=iphoneos*]" = "iPhone Developer";
				COPY_PHASE_STRIP = NO;
				DEBUG_INFORMATION_FORMAT = dwarf;
				ENABLE_STRICT_OBJC_MSGSEND = YES;
				ENABLE_TESTABILITY = YES;
				GCC_C_LANGUAGE_STANDARD = gnu99;
				GCC_DYNAMIC_NO_PIC = NO;
				GCC_NO_COMMON_BLOCKS = YES;
				GCC_OPTIMIZATION_LEVEL = 0;
				GCC_PREPROCESSOR_DEFINITIONS = (
					"DEBUG=1",
					"$(inherited)",
				);
				GCC_WARN_64_TO_32_BIT_CONVERSION = YES;
				GCC_WARN_ABOUT_RETURN_TYPE = YES_ERROR;
				GCC_WARN_UNDECLARED_SELECTOR = YES;
				GCC_WARN_UNINITIALIZED_AUTOS = YES_AGGRESSIVE;
				GCC_WARN_UNUSED_FUNCTION = YES;
				GCC_WARN_UNUSED_VARIABLE = YES;
				IPHONEOS_DEPLOYMENT_TARGET = 10.3;
				MTL_ENABLE_DEBUG_INFO = YES;
				ONLY_ACTIVE_ARCH = YES;
				SDKROOT = iphoneos;
				SWIFT_ACTIVE_COMPILATION_CONDITIONS = DEBUG;
				SWIFT_OPTIMIZATION_LEVEL = "-Onone";
			};
			name = Debug;
		};
		CC2169E21ED29751006624B8 /* Release */ = {
			isa = XCBuildConfiguration;
			buildSettings = {
				ALWAYS_SEARCH_USER_PATHS = NO;
				CLANG_ANALYZER_NONNULL = YES;
				CLANG_ANALYZER_NUMBER_OBJECT_CONVERSION = YES_AGGRESSIVE;
				CLANG_CXX_LANGUAGE_STANDARD = "gnu++0x";
				CLANG_CXX_LIBRARY = "libc++";
				CLANG_ENABLE_MODULES = YES;
				CLANG_ENABLE_OBJC_ARC = YES;
				CLANG_WARN_BOOL_CONVERSION = YES;
				CLANG_WARN_CONSTANT_CONVERSION = YES;
				CLANG_WARN_DIRECT_OBJC_ISA_USAGE = YES_ERROR;
				CLANG_WARN_DOCUMENTATION_COMMENTS = YES;
				CLANG_WARN_EMPTY_BODY = YES;
				CLANG_WARN_ENUM_CONVERSION = YES;
				CLANG_WARN_INFINITE_RECURSION = YES;
				CLANG_WARN_INT_CONVERSION = YES;
				CLANG_WARN_OBJC_ROOT_CLASS = YES_ERROR;
				CLANG_WARN_SUSPICIOUS_MOVE = YES;
				CLANG_WARN_UNREACHABLE_CODE = YES;
				CLANG_WARN__DUPLICATE_METHOD_MATCH = YES;
				"CODE_SIGN_IDENTITY[sdk=iphoneos*]" = "iPhone Developer";
				COPY_PHASE_STRIP = NO;
				DEBUG_INFORMATION_FORMAT = "dwarf-with-dsym";
				ENABLE_NS_ASSERTIONS = NO;
				ENABLE_STRICT_OBJC_MSGSEND = YES;
				GCC_C_LANGUAGE_STANDARD = gnu99;
				GCC_NO_COMMON_BLOCKS = YES;
				GCC_WARN_64_TO_32_BIT_CONVERSION = YES;
				GCC_WARN_ABOUT_RETURN_TYPE = YES_ERROR;
				GCC_WARN_UNDECLARED_SELECTOR = YES;
				GCC_WARN_UNINITIALIZED_AUTOS = YES_AGGRESSIVE;
				GCC_WARN_UNUSED_FUNCTION = YES;
				GCC_WARN_UNUSED_VARIABLE = YES;
				IPHONEOS_DEPLOYMENT_TARGET = 10.3;
				MTL_ENABLE_DEBUG_INFO = NO;
				SDKROOT = iphoneos;
				SWIFT_OPTIMIZATION_LEVEL = "-Owholemodule";
				VALIDATE_PRODUCT = YES;
			};
			name = Release;
		};
		CC2169E41ED29751006624B8 /* Debug */ = {
			isa = XCBuildConfiguration;
			buildSettings = {
				ASSETCATALOG_COMPILER_APPICON_NAME = AppIcon;
				INFOPLIST_FILE = FlappyBird/Info.plist;
				LD_RUNPATH_SEARCH_PATHS = "$(inherited) @executable_path/Frameworks";
				PRODUCT_BUNDLE_IDENTIFIER = jp.techacademy.yousuke.takahashi.FlappyBird;
				PRODUCT_NAME = "$(TARGET_NAME)";
				SWIFT_VERSION = 3.0;
			};
			name = Debug;
		};
		CC2169E51ED29751006624B8 /* Release */ = {
			isa = XCBuildConfiguration;
			buildSettings = {
				ASSETCATALOG_COMPILER_APPICON_NAME = AppIcon;
				INFOPLIST_FILE = FlappyBird/Info.plist;
				LD_RUNPATH_SEARCH_PATHS = "$(inherited) @executable_path/Frameworks";
				PRODUCT_BUNDLE_IDENTIFIER = jp.techacademy.yousuke.takahashi.FlappyBird;
				PRODUCT_NAME = "$(TARGET_NAME)";
				SWIFT_VERSION = 3.0;
			};
			name = Release;
		};
/* End XCBuildConfiguration section */

/* Begin XCConfigurationList section */
		CC2169CC1ED29751006624B8 /* Build configuration list for PBXProject "FlappyBird" */ = {
			isa = XCConfigurationList;
			buildConfigurations = (
				CC2169E11ED29751006624B8 /* Debug */,
				CC2169E21ED29751006624B8 /* Release */,
			);
			defaultConfigurationIsVisible = 0;
			defaultConfigurationName = Release;
		};
		CC2169E31ED29751006624B8 /* Build configuration list for PBXNativeTarget "FlappyBird" */ = {
			isa = XCConfigurationList;
			buildConfigurations = (
				CC2169E41ED29751006624B8 /* Debug */,
				CC2169E51ED29751006624B8 /* Release */,
			);
			defaultConfigurationIsVisible = 0;
			defaultConfigurationName = Release;
		};
/* End XCConfigurationList section */
	};
	rootObject = CC2169C91ED29751006624B8 /* Project object */;
}
